// !$*UTF8*$!
{
	archiveVersion = 1;
	classes = {
	};
	objectVersion = 56;
	objects = {

/* Begin PBXBuildFile section */
		B6128CD62A1B50D800581608 /* Album+CoreDataClass.swift in Sources */ = {isa = PBXBuildFile; fileRef = B6128CD42A1B50D800581608 /* Album+CoreDataClass.swift */; };
		B6128CD72A1B50D800581608 /* Album+CoreDataProperties.swift in Sources */ = {isa = PBXBuildFile; fileRef = B6128CD52A1B50D800581608 /* Album+CoreDataProperties.swift */; };
		B6128CDB2A1BC12B00581608 /* DetailedPhotoView.swift in Sources */ = {isa = PBXBuildFile; fileRef = B6128CDA2A1BC12B00581608 /* DetailedPhotoView.swift */; };
		B6128CDD2A1BD2E100581608 /* EmptyAlbumView.swift in Sources */ = {isa = PBXBuildFile; fileRef = B6128CDC2A1BD2E100581608 /* EmptyAlbumView.swift */; };
		B6128CDF2A1C6B2400581608 /* CameraPreview.swift in Sources */ = {isa = PBXBuildFile; fileRef = B6128CDE2A1C6B2400581608 /* CameraPreview.swift */; };
		B6128CE12A1C6B6C00581608 /* CameraViewNew.swift in Sources */ = {isa = PBXBuildFile; fileRef = B6128CE02A1C6B6C00581608 /* CameraViewNew.swift */; };
		B6128D022A249D0700581608 /* Prompt.swift in Sources */ = {isa = PBXBuildFile; fileRef = B6128D012A249D0700581608 /* Prompt.swift */; };
		B63BB4F32A180AE9000AF241 /* Camera.swift in Sources */ = {isa = PBXBuildFile; fileRef = B63BB4F22A180AE9000AF241 /* Camera.swift */; };
		B63BB4F52A180AFC000AF241 /* CameraDataModel.swift in Sources */ = {isa = PBXBuildFile; fileRef = B63BB4F42A180AFC000AF241 /* CameraDataModel.swift */; };
		B63BB4F72A180B18000AF241 /* PhotoCollection.swift in Sources */ = {isa = PBXBuildFile; fileRef = B63BB4F62A180B18000AF241 /* PhotoCollection.swift */; };
		B63BB4F92A180B51000AF241 /* ViewfinderView.swift in Sources */ = {isa = PBXBuildFile; fileRef = B63BB4F82A180B51000AF241 /* ViewfinderView.swift */; };
		B63BB4FB2A180B58000AF241 /* PhotoAssetCollection.swift in Sources */ = {isa = PBXBuildFile; fileRef = B63BB4FA2A180B58000AF241 /* PhotoAssetCollection.swift */; };
		B63BB4FD2A180B68000AF241 /* CachedImageManager.swift in Sources */ = {isa = PBXBuildFile; fileRef = B63BB4FC2A180B68000AF241 /* CachedImageManager.swift */; };
		B63BB4FF2A180B7D000AF241 /* PhotoLibrary.swift in Sources */ = {isa = PBXBuildFile; fileRef = B63BB4FE2A180B7D000AF241 /* PhotoLibrary.swift */; };
		B63BB5012A180B92000AF241 /* PhotoAsset.swift in Sources */ = {isa = PBXBuildFile; fileRef = B63BB5002A180B92000AF241 /* PhotoAsset.swift */; };
		B63BB5102A181389000AF241 /* MapViewContainer.swift in Sources */ = {isa = PBXBuildFile; fileRef = B63BB50F2A181389000AF241 /* MapViewContainer.swift */; };
		B63BB5122A1813B3000AF241 /* MapViewRepresentable.swift in Sources */ = {isa = PBXBuildFile; fileRef = B63BB5112A1813B3000AF241 /* MapViewRepresentable.swift */; };
		B63BB5152A1A1866000AF241 /* AlbumModel.xcdatamodeld in Sources */ = {isa = PBXBuildFile; fileRef = B63BB5132A1A1865000AF241 /* AlbumModel.xcdatamodeld */; };
		B63BB5172A1A1A17000AF241 /* AlbumDataController.swift in Sources */ = {isa = PBXBuildFile; fileRef = B63BB5162A1A1A17000AF241 /* AlbumDataController.swift */; };
		B63BB5192A1A1BCB000AF241 /* AddAlbumView.swift in Sources */ = {isa = PBXBuildFile; fileRef = B63BB5182A1A1BCB000AF241 /* AddAlbumView.swift */; };
		B654D9042A14D89900F633CE /* PhotoBoothByLoctApp.swift in Sources */ = {isa = PBXBuildFile; fileRef = B654D9032A14D89900F633CE /* PhotoBoothByLoctApp.swift */; };
		B654D9082A14D89A00F633CE /* Assets.xcassets in Resources */ = {isa = PBXBuildFile; fileRef = B654D9072A14D89A00F633CE /* Assets.xcassets */; };
		B654D90B2A14D89A00F633CE /* Preview Assets.xcassets in Resources */ = {isa = PBXBuildFile; fileRef = B654D90A2A14D89A00F633CE /* Preview Assets.xcassets */; };
		B654D91A2A14DA7800F633CE /* LocationDataManager.swift in Sources */ = {isa = PBXBuildFile; fileRef = B654D9192A14DA7700F633CE /* LocationDataManager.swift */; };
		B6AA4A832A16859400CF58FA /* HomepageView.swift in Sources */ = {isa = PBXBuildFile; fileRef = B6AA4A822A16859400CF58FA /* HomepageView.swift */; };
		B6AA4A852A1689AB00CF58FA /* EmptyCollectionView.swift in Sources */ = {isa = PBXBuildFile; fileRef = B6AA4A842A1689AB00CF58FA /* EmptyCollectionView.swift */; };
		B6AA4A872A168EE800CF58FA /* CollectionView.swift in Sources */ = {isa = PBXBuildFile; fileRef = B6AA4A862A168EE800CF58FA /* CollectionView.swift */; };
		B6AA4A892A168F1F00CF58FA /* MapView.swift in Sources */ = {isa = PBXBuildFile; fileRef = B6AA4A882A168F1F00CF58FA /* MapView.swift */; };
		B6B80AFC2A17267E00E8C94A /* CollectionPreview.swift in Sources */ = {isa = PBXBuildFile; fileRef = B6B80AFB2A17267E00E8C94A /* CollectionPreview.swift */; };
		B6B80AFE2A17302A00E8C94A /* AlbumView.swift in Sources */ = {isa = PBXBuildFile; fileRef = B6B80AFD2A17302A00E8C94A /* AlbumView.swift */; };
/* End PBXBuildFile section */

/* Begin PBXFileReference section */
		B6128CD42A1B50D800581608 /* Album+CoreDataClass.swift */ = {isa = PBXFileReference; lastKnownFileType = sourcecode.swift; path = "Album+CoreDataClass.swift"; sourceTree = "<group>"; };
		B6128CD52A1B50D800581608 /* Album+CoreDataProperties.swift */ = {isa = PBXFileReference; lastKnownFileType = sourcecode.swift; path = "Album+CoreDataProperties.swift"; sourceTree = "<group>"; };
		B6128CDA2A1BC12B00581608 /* DetailedPhotoView.swift */ = {isa = PBXFileReference; lastKnownFileType = sourcecode.swift; path = DetailedPhotoView.swift; sourceTree = "<group>"; };
		B6128CDC2A1BD2E100581608 /* EmptyAlbumView.swift */ = {isa = PBXFileReference; lastKnownFileType = sourcecode.swift; path = EmptyAlbumView.swift; sourceTree = "<group>"; };
		B6128CDE2A1C6B2400581608 /* CameraPreview.swift */ = {isa = PBXFileReference; lastKnownFileType = sourcecode.swift; path = CameraPreview.swift; sourceTree = "<group>"; };
		B6128CE02A1C6B6C00581608 /* CameraViewNew.swift */ = {isa = PBXFileReference; lastKnownFileType = sourcecode.swift; path = CameraViewNew.swift; sourceTree = "<group>"; };
		B6128D012A249D0700581608 /* Prompt.swift */ = {isa = PBXFileReference; lastKnownFileType = sourcecode.swift; path = Prompt.swift; sourceTree = "<group>"; };
		B63BB4F22A180AE9000AF241 /* Camera.swift */ = {isa = PBXFileReference; fileEncoding = 4; lastKnownFileType = sourcecode.swift; path = Camera.swift; sourceTree = "<group>"; };
		B63BB4F42A180AFC000AF241 /* CameraDataModel.swift */ = {isa = PBXFileReference; fileEncoding = 4; lastKnownFileType = sourcecode.swift; path = CameraDataModel.swift; sourceTree = "<group>"; };
		B63BB4F62A180B18000AF241 /* PhotoCollection.swift */ = {isa = PBXFileReference; fileEncoding = 4; lastKnownFileType = sourcecode.swift; path = PhotoCollection.swift; sourceTree = "<group>"; };
		B63BB4F82A180B51000AF241 /* ViewfinderView.swift */ = {isa = PBXFileReference; fileEncoding = 4; lastKnownFileType = sourcecode.swift; path = ViewfinderView.swift; sourceTree = "<group>"; };
		B63BB4FA2A180B58000AF241 /* PhotoAssetCollection.swift */ = {isa = PBXFileReference; fileEncoding = 4; lastKnownFileType = sourcecode.swift; path = PhotoAssetCollection.swift; sourceTree = "<group>"; };
		B63BB4FC2A180B68000AF241 /* CachedImageManager.swift */ = {isa = PBXFileReference; fileEncoding = 4; lastKnownFileType = sourcecode.swift; path = CachedImageManager.swift; sourceTree = "<group>"; };
		B63BB4FE2A180B7D000AF241 /* PhotoLibrary.swift */ = {isa = PBXFileReference; fileEncoding = 4; lastKnownFileType = sourcecode.swift; path = PhotoLibrary.swift; sourceTree = "<group>"; };
		B63BB5002A180B92000AF241 /* PhotoAsset.swift */ = {isa = PBXFileReference; fileEncoding = 4; lastKnownFileType = sourcecode.swift; path = PhotoAsset.swift; sourceTree = "<group>"; };
		B63BB50F2A181389000AF241 /* MapViewContainer.swift */ = {isa = PBXFileReference; lastKnownFileType = sourcecode.swift; path = MapViewContainer.swift; sourceTree = "<group>"; };
		B63BB5112A1813B3000AF241 /* MapViewRepresentable.swift */ = {isa = PBXFileReference; lastKnownFileType = sourcecode.swift; path = MapViewRepresentable.swift; sourceTree = "<group>"; };
		B63BB5142A1A1866000AF241 /* AlbumModel.xcdatamodel */ = {isa = PBXFileReference; lastKnownFileType = wrapper.xcdatamodel; path = AlbumModel.xcdatamodel; sourceTree = "<group>"; };
		B63BB5162A1A1A17000AF241 /* AlbumDataController.swift */ = {isa = PBXFileReference; lastKnownFileType = sourcecode.swift; path = AlbumDataController.swift; sourceTree = "<group>"; };
		B63BB5182A1A1BCB000AF241 /* AddAlbumView.swift */ = {isa = PBXFileReference; lastKnownFileType = sourcecode.swift; path = AddAlbumView.swift; sourceTree = "<group>"; };
		B654D9002A14D89900F633CE /* PhotoBoothByLoct.app */ = {isa = PBXFileReference; explicitFileType = wrapper.application; includeInIndex = 0; path = PhotoBoothByLoct.app; sourceTree = BUILT_PRODUCTS_DIR; };
		B654D9032A14D89900F633CE /* PhotoBoothByLoctApp.swift */ = {isa = PBXFileReference; lastKnownFileType = sourcecode.swift; path = PhotoBoothByLoctApp.swift; sourceTree = "<group>"; };
		B654D9072A14D89A00F633CE /* Assets.xcassets */ = {isa = PBXFileReference; lastKnownFileType = folder.assetcatalog; path = Assets.xcassets; sourceTree = "<group>"; };
		B654D90A2A14D89A00F633CE /* Preview Assets.xcassets */ = {isa = PBXFileReference; lastKnownFileType = folder.assetcatalog; path = "Preview Assets.xcassets"; sourceTree = "<group>"; };
		B654D9192A14DA7700F633CE /* LocationDataManager.swift */ = {isa = PBXFileReference; lastKnownFileType = sourcecode.swift; path = LocationDataManager.swift; sourceTree = "<group>"; };
		B654D91B2A14DB0200F633CE /* Info.plist */ = {isa = PBXFileReference; lastKnownFileType = text.plist; path = Info.plist; sourceTree = "<group>"; };
		B6AA4A822A16859400CF58FA /* HomepageView.swift */ = {isa = PBXFileReference; lastKnownFileType = sourcecode.swift; path = HomepageView.swift; sourceTree = "<group>"; };
		B6AA4A842A1689AB00CF58FA /* EmptyCollectionView.swift */ = {isa = PBXFileReference; lastKnownFileType = sourcecode.swift; path = EmptyCollectionView.swift; sourceTree = "<group>"; };
		B6AA4A862A168EE800CF58FA /* CollectionView.swift */ = {isa = PBXFileReference; lastKnownFileType = sourcecode.swift; path = CollectionView.swift; sourceTree = "<group>"; };
		B6AA4A882A168F1F00CF58FA /* MapView.swift */ = {isa = PBXFileReference; lastKnownFileType = sourcecode.swift; path = MapView.swift; sourceTree = "<group>"; };
		B6B80AFB2A17267E00E8C94A /* CollectionPreview.swift */ = {isa = PBXFileReference; lastKnownFileType = sourcecode.swift; path = CollectionPreview.swift; sourceTree = "<group>"; };
		B6B80AFD2A17302A00E8C94A /* AlbumView.swift */ = {isa = PBXFileReference; lastKnownFileType = sourcecode.swift; path = AlbumView.swift; sourceTree = "<group>"; };
/* End PBXFileReference section */

/* Begin PBXFrameworksBuildPhase section */
		B654D8FD2A14D89900F633CE /* Frameworks */ = {
			isa = PBXFrameworksBuildPhase;
			buildActionMask = 2147483647;
			files = (
			);
			runOnlyForDeploymentPostprocessing = 0;
		};
/* End PBXFrameworksBuildPhase section */

/* Begin PBXGroup section */
		B63BB50C2A181346000AF241 /* MapAlbum */ = {
			isa = PBXGroup;
			children = (
				B63BB50D2A181363000AF241 /* Views */,
			);
			path = MapAlbum;
			sourceTree = "<group>";
		};
		B63BB50D2A181363000AF241 /* Views */ = {
			isa = PBXGroup;
			children = (
				B63BB50E2A181376000AF241 /* Components */,
				B6AA4A882A168F1F00CF58FA /* MapView.swift */,
			);
			path = Views;
			sourceTree = "<group>";
		};
		B63BB50E2A181376000AF241 /* Components */ = {
			isa = PBXGroup;
			children = (
				B63BB50F2A181389000AF241 /* MapViewContainer.swift */,
				B63BB5112A1813B3000AF241 /* MapViewRepresentable.swift */,
			);
			path = Components;
			sourceTree = "<group>";
		};
		B654D8F72A14D89900F633CE = {
			isa = PBXGroup;
			children = (
				B654D9022A14D89900F633CE /* PhotoBoothByLoct */,
				B654D9012A14D89900F633CE /* Products */,
			);
			sourceTree = "<group>";
		};
		B654D9012A14D89900F633CE /* Products */ = {
			isa = PBXGroup;
			children = (
				B654D9002A14D89900F633CE /* PhotoBoothByLoct.app */,
			);
			name = Products;
			sourceTree = "<group>";
		};
		B654D9022A14D89900F633CE /* PhotoBoothByLoct */ = {
			isa = PBXGroup;
			children = (
				B654D91B2A14DB0200F633CE /* Info.plist */,
				B654D9132A14DA4200F633CE /* Application */,
				B654D9122A14DA3900F633CE /* Core */,
				B654D9112A14D8FD00F633CE /* Features */,
				B654D9092A14D89A00F633CE /* Preview Content */,
			);
			path = PhotoBoothByLoct;
			sourceTree = "<group>";
		};
		B654D9092A14D89A00F633CE /* Preview Content */ = {
			isa = PBXGroup;
			children = (
				B654D90A2A14D89A00F633CE /* Preview Assets.xcassets */,
			);
			path = "Preview Content";
			sourceTree = "<group>";
		};
		B654D9112A14D8FD00F633CE /* Features */ = {
			isa = PBXGroup;
			children = (
				B63BB50C2A181346000AF241 /* MapAlbum */,
				B6AA4A8A2A16907600CF58FA /* PhotoBooth */,
				B6AA4A752A14E2DF00CF58FA /* LocationBasedAlbum */,
			);
			path = Features;
			sourceTree = "<group>";
		};
		B654D9122A14DA3900F633CE /* Core */ = {
			isa = PBXGroup;
			children = (
				B654D9182A14DA6900F633CE /* Constants */,
				B654D9172A14DA6300F633CE /* Resources */,
				B654D9162A14DA5C00F633CE /* Utilities */,
				B654D9152A14DA5700F633CE /* Themes */,
				B654D9142A14DA4F00F633CE /* Extension */,
			);
			path = Core;
			sourceTree = "<group>";
		};
		B654D9132A14DA4200F633CE /* Application */ = {
			isa = PBXGroup;
			children = (
				B654D9032A14D89900F633CE /* PhotoBoothByLoctApp.swift */,
			);
			path = Application;
			sourceTree = "<group>";
		};
		B654D9142A14DA4F00F633CE /* Extension */ = {
			isa = PBXGroup;
			children = (
			);
			path = Extension;
			sourceTree = "<group>";
		};
		B654D9152A14DA5700F633CE /* Themes */ = {
			isa = PBXGroup;
			children = (
				B6AA4A802A16854E00CF58FA /* Colors */,
				B6AA4A7F2A16853F00CF58FA /* Presenters */,
			);
			path = Themes;
			sourceTree = "<group>";
		};
		B654D9162A14DA5C00F633CE /* Utilities */ = {
			isa = PBXGroup;
			children = (
				B6B80AFF2A174D5800E8C94A /* Camera */,
				B6AA4A7E2A16852500CF58FA /* Location */,
			);
			path = Utilities;
			sourceTree = "<group>";
		};
		B654D9172A14DA6300F633CE /* Resources */ = {
			isa = PBXGroup;
			children = (
				B654D9072A14D89A00F633CE /* Assets.xcassets */,
			);
			path = Resources;
			sourceTree = "<group>";
		};
		B654D9182A14DA6900F633CE /* Constants */ = {
			isa = PBXGroup;
			children = (
				B6128D012A249D0700581608 /* Prompt.swift */,
			);
			path = Constants;
			sourceTree = "<group>";
		};
		B6AA4A752A14E2DF00CF58FA /* LocationBasedAlbum */ = {
			isa = PBXGroup;
			children = (
				B6AA4A812A16856E00CF58FA /* Views */,
				B6AA4A7B2A14E4E600CF58FA /* ViewModel */,
				B6AA4A762A14E2EB00CF58FA /* Model */,
			);
			path = LocationBasedAlbum;
			sourceTree = "<group>";
		};
		B6AA4A762A14E2EB00CF58FA /* Model */ = {
			isa = PBXGroup;
			children = (
				B63BB5132A1A1865000AF241 /* AlbumModel.xcdatamodeld */,
			);
			path = Model;
			sourceTree = "<group>";
		};
		B6AA4A7B2A14E4E600CF58FA /* ViewModel */ = {
			isa = PBXGroup;
			children = (
				B6128CD42A1B50D800581608 /* Album+CoreDataClass.swift */,
				B6128CD52A1B50D800581608 /* Album+CoreDataProperties.swift */,
				B63BB5162A1A1A17000AF241 /* AlbumDataController.swift */,
			);
			path = ViewModel;
			sourceTree = "<group>";
		};
		B6AA4A7E2A16852500CF58FA /* Location */ = {
			isa = PBXGroup;
			children = (
				B654D9192A14DA7700F633CE /* LocationDataManager.swift */,
			);
			path = Location;
			sourceTree = "<group>";
		};
		B6AA4A7F2A16853F00CF58FA /* Presenters */ = {
			isa = PBXGroup;
			children = (
				B6AA4A842A1689AB00CF58FA /* EmptyCollectionView.swift */,
				B6128CDC2A1BD2E100581608 /* EmptyAlbumView.swift */,
			);
			path = Presenters;
			sourceTree = "<group>";
		};
		B6AA4A802A16854E00CF58FA /* Colors */ = {
			isa = PBXGroup;
			children = (
			);
			path = Colors;
			sourceTree = "<group>";
		};
		B6AA4A812A16856E00CF58FA /* Views */ = {
			isa = PBXGroup;
			children = (
				B6B80AFA2A17267100E8C94A /* Components */,
				B6AA4A822A16859400CF58FA /* HomepageView.swift */,
				B6AA4A862A168EE800CF58FA /* CollectionView.swift */,
				B6B80AFD2A17302A00E8C94A /* AlbumView.swift */,
				B63BB5182A1A1BCB000AF241 /* AddAlbumView.swift */,
				B6128CDA2A1BC12B00581608 /* DetailedPhotoView.swift */,
			);
			path = Views;
			sourceTree = "<group>";
		};
		B6AA4A8A2A16907600CF58FA /* PhotoBooth */ = {
			isa = PBXGroup;
			children = (
				B6B80B102A174E1000E8C94A /* ViewModel */,
				B6AA4A8C2A16938300CF58FA /* Views */,
			);
			path = PhotoBooth;
			sourceTree = "<group>";
		};
		B6AA4A8C2A16938300CF58FA /* Views */ = {
			isa = PBXGroup;
			children = (
				B63BB4F82A180B51000AF241 /* ViewfinderView.swift */,
				B6128CDE2A1C6B2400581608 /* CameraPreview.swift */,
				B6128CE02A1C6B6C00581608 /* CameraViewNew.swift */,
			);
			path = Views;
			sourceTree = "<group>";
		};
		B6B80AFA2A17267100E8C94A /* Components */ = {
			isa = PBXGroup;
			children = (
				B6B80AFB2A17267E00E8C94A /* CollectionPreview.swift */,
			);
			path = Components;
			sourceTree = "<group>";
		};
		B6B80AFF2A174D5800E8C94A /* Camera */ = {
			isa = PBXGroup;
			children = (
				B63BB4F22A180AE9000AF241 /* Camera.swift */,
				B63BB4F62A180B18000AF241 /* PhotoCollection.swift */,
				B63BB5002A180B92000AF241 /* PhotoAsset.swift */,
				B63BB4FC2A180B68000AF241 /* CachedImageManager.swift */,
				B63BB4FA2A180B58000AF241 /* PhotoAssetCollection.swift */,
				B63BB4FE2A180B7D000AF241 /* PhotoLibrary.swift */,
			);
			path = Camera;
			sourceTree = "<group>";
		};
		B6B80B102A174E1000E8C94A /* ViewModel */ = {
			isa = PBXGroup;
			children = (
				B63BB4F42A180AFC000AF241 /* CameraDataModel.swift */,
			);
			path = ViewModel;
			sourceTree = "<group>";
		};
/* End PBXGroup section */

/* Begin PBXNativeTarget section */
		B654D8FF2A14D89900F633CE /* PhotoBoothByLoct */ = {
			isa = PBXNativeTarget;
			buildConfigurationList = B654D90E2A14D89A00F633CE /* Build configuration list for PBXNativeTarget "PhotoBoothByLoct" */;
			buildPhases = (
				B654D8FC2A14D89900F633CE /* Sources */,
				B654D8FD2A14D89900F633CE /* Frameworks */,
				B654D8FE2A14D89900F633CE /* Resources */,
			);
			buildRules = (
			);
			dependencies = (
			);
			name = PhotoBoothByLoct;
			productName = PhotoBoothByLoct;
			productReference = B654D9002A14D89900F633CE /* PhotoBoothByLoct.app */;
			productType = "com.apple.product-type.application";
		};
/* End PBXNativeTarget section */

/* Begin PBXProject section */
		B654D8F82A14D89900F633CE /* Project object */ = {
			isa = PBXProject;
			attributes = {
				BuildIndependentTargetsInParallel = 1;
				LastSwiftUpdateCheck = 1430;
				LastUpgradeCheck = 1430;
				TargetAttributes = {
					B654D8FF2A14D89900F633CE = {
						CreatedOnToolsVersion = 14.3;
					};
				};
			};
			buildConfigurationList = B654D8FB2A14D89900F633CE /* Build configuration list for PBXProject "PhotoBoothByLoct" */;
			compatibilityVersion = "Xcode 14.0";
			developmentRegion = en;
			hasScannedForEncodings = 0;
			knownRegions = (
				en,
				Base,
			);
			mainGroup = B654D8F72A14D89900F633CE;
			productRefGroup = B654D9012A14D89900F633CE /* Products */;
			projectDirPath = "";
			projectRoot = "";
			targets = (
				B654D8FF2A14D89900F633CE /* PhotoBoothByLoct */,
			);
		};
/* End PBXProject section */

/* Begin PBXResourcesBuildPhase section */
		B654D8FE2A14D89900F633CE /* Resources */ = {
			isa = PBXResourcesBuildPhase;
			buildActionMask = 2147483647;
			files = (
				B654D90B2A14D89A00F633CE /* Preview Assets.xcassets in Resources */,
				B654D9082A14D89A00F633CE /* Assets.xcassets in Resources */,
			);
			runOnlyForDeploymentPostprocessing = 0;
		};
/* End PBXResourcesBuildPhase section */

/* Begin PBXSourcesBuildPhase section */
		B654D8FC2A14D89900F633CE /* Sources */ = {
			isa = PBXSourcesBuildPhase;
			buildActionMask = 2147483647;
			files = (
				B63BB5102A181389000AF241 /* MapViewContainer.swift in Sources */,
				B63BB4F32A180AE9000AF241 /* Camera.swift in Sources */,
				B63BB4F92A180B51000AF241 /* ViewfinderView.swift in Sources */,
				B63BB4FF2A180B7D000AF241 /* PhotoLibrary.swift in Sources */,
				B6B80AFC2A17267E00E8C94A /* CollectionPreview.swift in Sources */,
				B6AA4A872A168EE800CF58FA /* CollectionView.swift in Sources */,
				B6B80AFE2A17302A00E8C94A /* AlbumView.swift in Sources */,
				B63BB4FB2A180B58000AF241 /* PhotoAssetCollection.swift in Sources */,
				B63BB5152A1A1866000AF241 /* AlbumModel.xcdatamodeld in Sources */,
				B63BB5172A1A1A17000AF241 /* AlbumDataController.swift in Sources */,
				B6AA4A852A1689AB00CF58FA /* EmptyCollectionView.swift in Sources */,
				B63BB5192A1A1BCB000AF241 /* AddAlbumView.swift in Sources */,
				B6128CDD2A1BD2E100581608 /* EmptyAlbumView.swift in Sources */,
				B6AA4A832A16859400CF58FA /* HomepageView.swift in Sources */,
				B63BB5122A1813B3000AF241 /* MapViewRepresentable.swift in Sources */,
				B63BB4FD2A180B68000AF241 /* CachedImageManager.swift in Sources */,
				B6AA4A892A168F1F00CF58FA /* MapView.swift in Sources */,
				B6128D022A249D0700581608 /* Prompt.swift in Sources */,
				B6128CDF2A1C6B2400581608 /* CameraPreview.swift in Sources */,
				B6128CD62A1B50D800581608 /* Album+CoreDataClass.swift in Sources */,
				B6128CD72A1B50D800581608 /* Album+CoreDataProperties.swift in Sources */,
				B654D9042A14D89900F633CE /* PhotoBoothByLoctApp.swift in Sources */,
				B654D91A2A14DA7800F633CE /* LocationDataManager.swift in Sources */,
				B63BB4F72A180B18000AF241 /* PhotoCollection.swift in Sources */,
				B6128CE12A1C6B6C00581608 /* CameraViewNew.swift in Sources */,
				B63BB5012A180B92000AF241 /* PhotoAsset.swift in Sources */,
				B63BB4F52A180AFC000AF241 /* CameraDataModel.swift in Sources */,
				B6128CDB2A1BC12B00581608 /* DetailedPhotoView.swift in Sources */,
			);
			runOnlyForDeploymentPostprocessing = 0;
		};
/* End PBXSourcesBuildPhase section */

/* Begin XCBuildConfiguration section */
		B654D90C2A14D89A00F633CE /* Debug */ = {
			isa = XCBuildConfiguration;
			buildSettings = {
				ALWAYS_SEARCH_USER_PATHS = NO;
				CLANG_ANALYZER_NONNULL = YES;
				CLANG_ANALYZER_NUMBER_OBJECT_CONVERSION = YES_AGGRESSIVE;
				CLANG_CXX_LANGUAGE_STANDARD = "gnu++20";
				CLANG_ENABLE_MODULES = YES;
				CLANG_ENABLE_OBJC_ARC = YES;
				CLANG_ENABLE_OBJC_WEAK = YES;
				CLANG_WARN_BLOCK_CAPTURE_AUTORELEASING = YES;
				CLANG_WARN_BOOL_CONVERSION = YES;
				CLANG_WARN_COMMA = YES;
				CLANG_WARN_CONSTANT_CONVERSION = YES;
				CLANG_WARN_DEPRECATED_OBJC_IMPLEMENTATIONS = YES;
				CLANG_WARN_DIRECT_OBJC_ISA_USAGE = YES_ERROR;
				CLANG_WARN_DOCUMENTATION_COMMENTS = YES;
				CLANG_WARN_EMPTY_BODY = YES;
				CLANG_WARN_ENUM_CONVERSION = YES;
				CLANG_WARN_INFINITE_RECURSION = YES;
				CLANG_WARN_INT_CONVERSION = YES;
				CLANG_WARN_NON_LITERAL_NULL_CONVERSION = YES;
				CLANG_WARN_OBJC_IMPLICIT_RETAIN_SELF = YES;
				CLANG_WARN_OBJC_LITERAL_CONVERSION = YES;
				CLANG_WARN_OBJC_ROOT_CLASS = YES_ERROR;
				CLANG_WARN_QUOTED_INCLUDE_IN_FRAMEWORK_HEADER = YES;
				CLANG_WARN_RANGE_LOOP_ANALYSIS = YES;
				CLANG_WARN_STRICT_PROTOTYPES = YES;
				CLANG_WARN_SUSPICIOUS_MOVE = YES;
				CLANG_WARN_UNGUARDED_AVAILABILITY = YES_AGGRESSIVE;
				CLANG_WARN_UNREACHABLE_CODE = YES;
				CLANG_WARN__DUPLICATE_METHOD_MATCH = YES;
				COPY_PHASE_STRIP = NO;
				DEBUG_INFORMATION_FORMAT = dwarf;
				ENABLE_STRICT_OBJC_MSGSEND = YES;
				ENABLE_TESTABILITY = YES;
				GCC_C_LANGUAGE_STANDARD = gnu11;
				GCC_DYNAMIC_NO_PIC = NO;
				GCC_NO_COMMON_BLOCKS = YES;
				GCC_OPTIMIZATION_LEVEL = 0;
				GCC_PREPROCESSOR_DEFINITIONS = (
					"DEBUG=1",
					"$(inherited)",
				);
				GCC_WARN_64_TO_32_BIT_CONVERSION = YES;
				GCC_WARN_ABOUT_RETURN_TYPE = YES_ERROR;
				GCC_WARN_UNDECLARED_SELECTOR = YES;
				GCC_WARN_UNINITIALIZED_AUTOS = YES_AGGRESSIVE;
				GCC_WARN_UNUSED_FUNCTION = YES;
				GCC_WARN_UNUSED_VARIABLE = YES;
				IPHONEOS_DEPLOYMENT_TARGET = 16.4;
				MTL_ENABLE_DEBUG_INFO = INCLUDE_SOURCE;
				MTL_FAST_MATH = YES;
				ONLY_ACTIVE_ARCH = YES;
				SDKROOT = iphoneos;
				SWIFT_ACTIVE_COMPILATION_CONDITIONS = DEBUG;
				SWIFT_OPTIMIZATION_LEVEL = "-Onone";
			};
			name = Debug;
		};
		B654D90D2A14D89A00F633CE /* Release */ = {
			isa = XCBuildConfiguration;
			buildSettings = {
				ALWAYS_SEARCH_USER_PATHS = NO;
				CLANG_ANALYZER_NONNULL = YES;
				CLANG_ANALYZER_NUMBER_OBJECT_CONVERSION = YES_AGGRESSIVE;
				CLANG_CXX_LANGUAGE_STANDARD = "gnu++20";
				CLANG_ENABLE_MODULES = YES;
				CLANG_ENABLE_OBJC_ARC = YES;
				CLANG_ENABLE_OBJC_WEAK = YES;
				CLANG_WARN_BLOCK_CAPTURE_AUTORELEASING = YES;
				CLANG_WARN_BOOL_CONVERSION = YES;
				CLANG_WARN_COMMA = YES;
				CLANG_WARN_CONSTANT_CONVERSION = YES;
				CLANG_WARN_DEPRECATED_OBJC_IMPLEMENTATIONS = YES;
				CLANG_WARN_DIRECT_OBJC_ISA_USAGE = YES_ERROR;
				CLANG_WARN_DOCUMENTATION_COMMENTS = YES;
				CLANG_WARN_EMPTY_BODY = YES;
				CLANG_WARN_ENUM_CONVERSION = YES;
				CLANG_WARN_INFINITE_RECURSION = YES;
				CLANG_WARN_INT_CONVERSION = YES;
				CLANG_WARN_NON_LITERAL_NULL_CONVERSION = YES;
				CLANG_WARN_OBJC_IMPLICIT_RETAIN_SELF = YES;
				CLANG_WARN_OBJC_LITERAL_CONVERSION = YES;
				CLANG_WARN_OBJC_ROOT_CLASS = YES_ERROR;
				CLANG_WARN_QUOTED_INCLUDE_IN_FRAMEWORK_HEADER = YES;
				CLANG_WARN_RANGE_LOOP_ANALYSIS = YES;
				CLANG_WARN_STRICT_PROTOTYPES = YES;
				CLANG_WARN_SUSPICIOUS_MOVE = YES;
				CLANG_WARN_UNGUARDED_AVAILABILITY = YES_AGGRESSIVE;
				CLANG_WARN_UNREACHABLE_CODE = YES;
				CLANG_WARN__DUPLICATE_METHOD_MATCH = YES;
				COPY_PHASE_STRIP = NO;
				DEBUG_INFORMATION_FORMAT = "dwarf-with-dsym";
				ENABLE_NS_ASSERTIONS = NO;
				ENABLE_STRICT_OBJC_MSGSEND = YES;
				GCC_C_LANGUAGE_STANDARD = gnu11;
				GCC_NO_COMMON_BLOCKS = YES;
				GCC_WARN_64_TO_32_BIT_CONVERSION = YES;
				GCC_WARN_ABOUT_RETURN_TYPE = YES_ERROR;
				GCC_WARN_UNDECLARED_SELECTOR = YES;
				GCC_WARN_UNINITIALIZED_AUTOS = YES_AGGRESSIVE;
				GCC_WARN_UNUSED_FUNCTION = YES;
				GCC_WARN_UNUSED_VARIABLE = YES;
				IPHONEOS_DEPLOYMENT_TARGET = 16.4;
				MTL_ENABLE_DEBUG_INFO = NO;
				MTL_FAST_MATH = YES;
				SDKROOT = iphoneos;
				SWIFT_COMPILATION_MODE = wholemodule;
				SWIFT_OPTIMIZATION_LEVEL = "-O";
				VALIDATE_PRODUCT = YES;
			};
			name = Release;
		};
		B654D90F2A14D89A00F633CE /* Debug */ = {
			isa = XCBuildConfiguration;
			buildSettings = {
				ASSETCATALOG_COMPILER_APPICON_NAME = AppIcon;
				ASSETCATALOG_COMPILER_GLOBAL_ACCENT_COLOR_NAME = AccentColor;
				CODE_SIGN_STYLE = Automatic;
				CURRENT_PROJECT_VERSION = 1;
				DEVELOPMENT_ASSET_PATHS = "\"PhotoBoothByLoct/Preview Content\"";
				DEVELOPMENT_TEAM = U43A7X58YW;
				ENABLE_PREVIEWS = YES;
				GENERATE_INFOPLIST_FILE = YES;
				INFOPLIST_FILE = PhotoBoothByLoct/Info.plist;
				INFOPLIST_KEY_CFBundleDisplayName = GeoBooth;
				INFOPLIST_KEY_LSApplicationCategoryType = "public.app-category.photography";
				INFOPLIST_KEY_NSCameraUsageDescription = "App need to use camera to capture photo";
				INFOPLIST_KEY_NSLocationAlwaysAndWhenInUseUsageDescription = "App need to use location";
				INFOPLIST_KEY_NSLocationAlwaysUsageDescription = "need to use location";
				INFOPLIST_KEY_NSLocationUsageDescription = "request access location";
				INFOPLIST_KEY_NSLocationWhenInUseUsageDescription = "need to use location";
				INFOPLIST_KEY_NSPhotoLibraryUsageDescription = "need to access photos";
				INFOPLIST_KEY_UIApplicationSceneManifest_Generation = YES;
				INFOPLIST_KEY_UIApplicationSupportsIndirectInputEvents = YES;
				INFOPLIST_KEY_UILaunchScreen_Generation = YES;
				INFOPLIST_KEY_UISupportedInterfaceOrientations = UIInterfaceOrientationPortrait;
				INFOPLIST_KEY_UISupportedInterfaceOrientations_iPad = "UIInterfaceOrientationLandscapeLeft UIInterfaceOrientationLandscapeRight UIInterfaceOrientationPortrait UIInterfaceOrientationPortraitUpsideDown";
				LD_RUNPATH_SEARCH_PATHS = (
					"$(inherited)",
					"@executable_path/Frameworks",
				);
				MARKETING_VERSION = 1.0;
				PRODUCT_BUNDLE_IDENTIFIER = gregoriusyuristama.PhotoBoothByLoct;
				PRODUCT_NAME = "$(TARGET_NAME)";
				SUPPORTED_PLATFORMS = "iphoneos iphonesimulator";
				SUPPORTS_MACCATALYST = NO;
				SUPPORTS_MAC_DESIGNED_FOR_IPHONE_IPAD = NO;
				SWIFT_EMIT_LOC_STRINGS = YES;
				SWIFT_VERSION = 5.0;
				TARGETED_DEVICE_FAMILY = 1;
			};
			name = Debug;
		};
		B654D9102A14D89A00F633CE /* Release */ = {
			isa = XCBuildConfiguration;
			buildSettings = {
				ASSETCATALOG_COMPILER_APPICON_NAME = AppIcon;
				ASSETCATALOG_COMPILER_GLOBAL_ACCENT_COLOR_NAME = AccentColor;
				CODE_SIGN_STYLE = Automatic;
				CURRENT_PROJECT_VERSION = 1;
				DEVELOPMENT_ASSET_PATHS = "\"PhotoBoothByLoct/Preview Content\"";
				DEVELOPMENT_TEAM = U43A7X58YW;
				ENABLE_PREVIEWS = YES;
				GENERATE_INFOPLIST_FILE = YES;
				INFOPLIST_FILE = PhotoBoothByLoct/Info.plist;
				INFOPLIST_KEY_CFBundleDisplayName = GeoBooth;
				INFOPLIST_KEY_LSApplicationCategoryType = "public.app-category.photography";
				INFOPLIST_KEY_NSCameraUsageDescription = "App need to use camera to capture photo";
				INFOPLIST_KEY_NSLocationAlwaysAndWhenInUseUsageDescription = "App need to use location";
				INFOPLIST_KEY_NSLocationAlwaysUsageDescription = "need to use location";
				INFOPLIST_KEY_NSLocationUsageDescription = "request access location";
				INFOPLIST_KEY_NSLocationWhenInUseUsageDescription = "need to use location";
				INFOPLIST_KEY_NSPhotoLibraryUsageDescription = "need to access photos";
				INFOPLIST_KEY_UIApplicationSceneManifest_Generation = YES;
				INFOPLIST_KEY_UIApplicationSupportsIndirectInputEvents = YES;
				INFOPLIST_KEY_UILaunchScreen_Generation = YES;
				INFOPLIST_KEY_UISupportedInterfaceOrientations = UIInterfaceOrientationPortrait;
				INFOPLIST_KEY_UISupportedInterfaceOrientations_iPad = "UIInterfaceOrientationLandscapeLeft UIInterfaceOrientationLandscapeRight UIInterfaceOrientationPortrait UIInterfaceOrientationPortraitUpsideDown";
				LD_RUNPATH_SEARCH_PATHS = (
					"$(inherited)",
					"@executable_path/Frameworks",
				);
				MARKETING_VERSION = 1.0;
				PRODUCT_BUNDLE_IDENTIFIER = gregoriusyuristama.PhotoBoothByLoct;
				PRODUCT_NAME = "$(TARGET_NAME)";
				SUPPORTED_PLATFORMS = "iphoneos iphonesimulator";
				SUPPORTS_MACCATALYST = NO;
				SUPPORTS_MAC_DESIGNED_FOR_IPHONE_IPAD = NO;
				SWIFT_EMIT_LOC_STRINGS = YES;
				SWIFT_VERSION = 5.0;
				TARGETED_DEVICE_FAMILY = 1;
			};
			name = Release;
		};
/* End XCBuildConfiguration section */

/* Begin XCConfigurationList section */
		B654D8FB2A14D89900F633CE /* Build configuration list for PBXProject "PhotoBoothByLoct" */ = {
			isa = XCConfigurationList;
			buildConfigurations = (
				B654D90C2A14D89A00F633CE /* Debug */,
				B654D90D2A14D89A00F633CE /* Release */,
			);
			defaultConfigurationIsVisible = 0;
			defaultConfigurationName = Release;
		};
		B654D90E2A14D89A00F633CE /* Build configuration list for PBXNativeTarget "PhotoBoothByLoct" */ = {
			isa = XCConfigurationList;
			buildConfigurations = (
				B654D90F2A14D89A00F633CE /* Debug */,
				B654D9102A14D89A00F633CE /* Release */,
			);
			defaultConfigurationIsVisible = 0;
			defaultConfigurationName = Release;
		};
/* End XCConfigurationList section */

/* Begin XCVersionGroup section */
		B63BB5132A1A1865000AF241 /* AlbumModel.xcdatamodeld */ = {
			isa = XCVersionGroup;
			children = (
				B63BB5142A1A1866000AF241 /* AlbumModel.xcdatamodel */,
			);
			currentVersion = B63BB5142A1A1866000AF241 /* AlbumModel.xcdatamodel */;
			path = AlbumModel.xcdatamodeld;
			sourceTree = "<group>";
			versionGroupType = wrapper.xcdatamodel;
		};
/* End XCVersionGroup section */
	};
	rootObject = B654D8F82A14D89900F633CE /* Project object */;
}
